
Microsoft Visual Studio Solution File, Format Version 10.00
# Visual Studio 2008
Project("{FAE04EC0-301F-11D3-BF4B-00C04F79EFBC}") = "Tenis", "Tenis\Tenis.csproj", "{3CDEC396-5F5A-4421-AB93-BA8B3D6B2A6C}"
EndProject
Global
	GlobalSection(SolutionConfigurationPlatforms) = preSolution
		Debug|Any CPU = Debug|Any CPU
		Release|Any CPU = Release|Any CPU
	EndGlobalSection
	GlobalSection(ProjectConfigurationPlatforms) = postSolution
		{3CDEC396-5F5A-4421-AB93-BA8B3D6B2A6C}.Debug|Any CPU.ActiveCfg = Debug|Any CPU
		{3CDEC396-5F5A-4421-AB93-BA8B3D6B2A6C}.Debug|Any CPU.Build.0 = Debug|Any CPU
		{3CDEC396-5F5A-4421-AB93-BA8B3D6B2A6C}.Release|Any CPU.ActiveCfg = Release|Any CPU
		{3CDEC396-5F5A-4421-AB93-BA8B3D6B2A6C}.Release|Any CPU.Build.0 = Release|Any CPU
	EndGlobalSection
	GlobalSection(SolutionProperties) = preSolution
		HideSolutionNode = FALSE
	EndGlobalSection
EndGlobal
